
Microsoft Visual Studio Solution File, Format Version 12.00
# Visual Studio 15
VisualStudioVersion = 15.0.28307.757
MinimumVisualStudioVersion = 10.0.40219.1
Project("{9A19103F-16F7-4668-BE54-9A1E7A4F7556}") = "WebApi.Framework", "WebApi.Framework\WebApi.Framework.csproj", "{8F136EB0-570B-42AB-AC3B-E2FBC920FC2F}"
EndProject
Project("{FAE04EC0-301F-11D3-BF4B-00C04F79EFBC}") = "WebApiApplication", "WebApiApplocation\WebApiApplication.csproj", "{9EAFF0B9-010E-4EE7-8D33-790A6C2DF0F8}"
EndProject
Global
	GlobalSection(SolutionConfigurationPlatforms) = preSolution
		Debug|Any CPU = Debug|Any CPU
		Release|Any CPU = Release|Any CPU
	EndGlobalSection
	GlobalSection(ProjectConfigurationPlatforms) = postSolution
		{8F136EB0-570B-42AB-AC3B-E2FBC920FC2F}.Debug|Any CPU.ActiveCfg = Debug|Any CPU
		{8F136EB0-570B-42AB-AC3B-E2FBC920FC2F}.Debug|Any CPU.Build.0 = Debug|Any CPU
		{8F136EB0-570B-42AB-AC3B-E2FBC920FC2F}.Release|Any CPU.ActiveCfg = Release|Any CPU
		{8F136EB0-570B-42AB-AC3B-E2FBC920FC2F}.Release|Any CPU.Build.0 = Release|Any CPU
		{9EAFF0B9-010E-4EE7-8D33-790A6C2DF0F8}.Debug|Any CPU.ActiveCfg = Debug|Any CPU
		{9EAFF0B9-010E-4EE7-8D33-790A6C2DF0F8}.Debug|Any CPU.Build.0 = Debug|Any CPU
		{9EAFF0B9-010E-4EE7-8D33-790A6C2DF0F8}.Release|Any CPU.ActiveCfg = Release|Any CPU
		{9EAFF0B9-010E-4EE7-8D33-790A6C2DF0F8}.Release|Any CPU.Build.0 = Release|Any CPU
	EndGlobalSection
	GlobalSection(SolutionProperties) = preSolution
		HideSolutionNode = FALSE
	EndGlobalSection
	GlobalSection(ExtensibilityGlobals) = postSolution
		SolutionGuid = {C7A6B717-B35A-4C5F-803D-58F8C454C1F4}
	EndGlobalSection
EndGlobal
